
Microsoft Visual Studio Solution File, Format Version 12.00
# Visual Studio 15
VisualStudioVersion = 15.0.26730.16
MinimumVisualStudioVersion = 10.0.40219.1
Project("{9A19103F-16F7-4668-BE54-9A1E7A4F7556}") = "Sharp7Func", "..\Sharp7Func\Sharp7Func.csproj", "{DD9ADD0E-9376-4673-B78E-15B56D589056}"
EndProject
Project("{9A19103F-16F7-4668-BE54-9A1E7A4F7556}") = "Core.ElasticSearch", "..\Core.ElasticSearch\Core.ElasticSearch.csproj", "{1923DB61-7066-4AD3-B43D-9DC9B479D9B5}"
EndProject
Project("{2150E333-8FDC-42A3-9474-1A3956D46DE8}") = "Core", "Core", "{29FC54FA-C469-4A83-9C04-2A6FCC12B34E}"
EndProject
Project("{2150E333-8FDC-42A3-9474-1A3956D46DE8}") = "Tests", "Tests", "{24455C41-3567-41CF-8E06-938E56280229}"
EndProject
Project("{9A19103F-16F7-4668-BE54-9A1E7A4F7556}") = "Core.ElasticSearch.Tests", "..\Core.ElasticSearch.Tests\Core.ElasticSearch.Tests.csproj", "{AC221FB5-ACDC-4A94-8874-B259200E491F}"
EndProject
Project("{9A19103F-16F7-4668-BE54-9A1E7A4F7556}") = "BeeFee.Model", "BeeFee.Model\BeeFee.Model.csproj", "{A9FD2886-4459-4F67-A01C-A6A38EB159E3}"
EndProject
Project("{2150E333-8FDC-42A3-9474-1A3956D46DE8}") = "UI", "UI", "{B8E11930-34BA-4585-BC87-0FC519EAEC23}"
EndProject
Project("{2150E333-8FDC-42A3-9474-1A3956D46DE8}") = "Applications", "Applications", "{264231BC-2B1E-4DFC-9E5F-C6BB9442FA26}"
EndProject
Project("{9A19103F-16F7-4668-BE54-9A1E7A4F7556}") = "BeeFee.AdminApp", "Applications\BeeFee.AdminApp\BeeFee.AdminApp.csproj", "{9DBAF38B-B658-4DB8-AC13-325D00179436}"
EndProject
Project("{9A19103F-16F7-4668-BE54-9A1E7A4F7556}") = "BeeFee.AdminApp.Tests", "Tests\BeeFee.AdminApp.Tests\BeeFee.AdminApp.Tests.csproj", "{50523E65-9EC8-46D3-AEAF-9A8AD03E0100}"
EndProject
Project("{9A19103F-16F7-4668-BE54-9A1E7A4F7556}") = "BeeFee.TestsApp", "Tests\BeeFee.TestsApp\BeeFee.TestsApp.csproj", "{8E67E7F3-34E4-4AFF-AF0E-9D42582C4FD9}"
EndProject
Project("{9A19103F-16F7-4668-BE54-9A1E7A4F7556}") = "BeeFee.LoginApp.Tests", "Tests\BeeFee.LoginApp.Tests\BeeFee.LoginApp.Tests.csproj", "{53E71183-4867-4DAE-8F0F-C9810722904B}"
EndProject
Project("{9A19103F-16F7-4668-BE54-9A1E7A4F7556}") = "BeeFee.LoginApp", "Applications\BeeFee.LoginApp\BeeFee.LoginApp.csproj", "{6EE96DBF-7DB4-4DDF-8939-5E1E14F0D122}"
EndProject
Project("{9A19103F-16F7-4668-BE54-9A1E7A4F7556}") = "BeeFee.ClientApp", "Applications\BeeFee.ClientApp\BeeFee.ClientApp.csproj", "{CF6403F5-77CB-4D67-90A9-252DA2763C6E}"
EndProject
Project("{9A19103F-16F7-4668-BE54-9A1E7A4F7556}") = "BeeFee.OrganizerApp", "Applications\BeeFee.OrganizerApp\BeeFee.OrganizerApp.csproj", "{C3BA88A5-2F80-46B3-B815-91DCFE5107DB}"
EndProject
Project("{9A19103F-16F7-4668-BE54-9A1E7A4F7556}") = "BeeFee.OrganizerApp.Tests", "Tests\BeeFee.OrganizerApp.Tests\BeeFee.OrganizerApp.Tests.csproj", "{EF124A85-CA9B-4FC1-BEAA-95ECF1745144}"
EndProject
Project("{9A19103F-16F7-4668-BE54-9A1E7A4F7556}") = "BeeFee.ClientApp.Tests", "Tests\BeeFee.ClientApp.Tests\BeeFee.ClientApp.Tests.csproj", "{12CD837A-FA34-417F-8F22-8268DAE6B405}"
EndProject
Project("{9A19103F-16F7-4668-BE54-9A1E7A4F7556}") = "BeeFee.WebApplication", "UI\BeeFee.WebApplication\BeeFee.WebApplication.csproj", "{579823DD-83F7-4BB9-8AC4-8FB5E5B56658}"
EndProject
Project("{9A19103F-16F7-4668-BE54-9A1E7A4F7556}") = "BeeFee.ImageApp", "Applications\BeeFee.ImageApp\BeeFee.ImageApp.csproj", "{E0256FD5-CF03-47A8-B4E9-0772912C87E8}"
EndProject
Project("{9A19103F-16F7-4668-BE54-9A1E7A4F7556}") = "BeeFee.ImageApp.Tests", "Tests\BeeFee.ImageApp.Tests\BeeFee.ImageApp.Tests.csproj", "{01A7B836-EB1F-4566-9350-8AA1CA95C5C9}"
EndProject
Project("{9A19103F-16F7-4668-BE54-9A1E7A4F7556}") = "BeeFee.ImagesWebApplication", "UI\BeeFee.ImagesWebApplication\BeeFee.ImagesWebApplication.csproj", "{07D08282-45B3-42F0-841A-6166A9E4E34B}"
EndProject
Project("{9A19103F-16F7-4668-BE54-9A1E7A4F7556}") = "BeeFee.JobsApp", "Applications\BeeFee.JobsApp\BeeFee.JobsApp.csproj", "{AD9D8D70-7020-48A7-B628-CB22293FF206}"
EndProject
Project("{9A19103F-16F7-4668-BE54-9A1E7A4F7556}") = "BeeFee.JobsApp.Tests", "Tests\BeeFee.JobsApp.Tests\BeeFee.JobsApp.Tests.csproj", "{606C1847-7CEF-48C9-AAF2-37E9A85C9F95}"
EndProject
Project("{FAE04EC0-301F-11D3-BF4B-00C04F79EFBC}") = "BeeFee.ShedulerApplication", "UI\BeeFee.ShedulerApplication\BeeFee.ShedulerApplication.csproj", "{178CDC38-10F9-44F2-8A19-FDAEFCA32F90}"
EndProject
Global
	GlobalSection(SolutionConfigurationPlatforms) = preSolution
		Debug|Any CPU = Debug|Any CPU
		Release|Any CPU = Release|Any CPU
	EndGlobalSection
	GlobalSection(ProjectConfigurationPlatforms) = postSolution
		{DD9ADD0E-9376-4673-B78E-15B56D589056}.Debug|Any CPU.ActiveCfg = Debug|Any CPU
		{DD9ADD0E-9376-4673-B78E-15B56D589056}.Debug|Any CPU.Build.0 = Debug|Any CPU
		{DD9ADD0E-9376-4673-B78E-15B56D589056}.Release|Any CPU.ActiveCfg = Release|Any CPU
		{DD9ADD0E-9376-4673-B78E-15B56D589056}.Release|Any CPU.Build.0 = Release|Any CPU
		{1923DB61-7066-4AD3-B43D-9DC9B479D9B5}.Debug|Any CPU.ActiveCfg = Debug|Any CPU
		{1923DB61-7066-4AD3-B43D-9DC9B479D9B5}.Debug|Any CPU.Build.0 = Debug|Any CPU
		{1923DB61-7066-4AD3-B43D-9DC9B479D9B5}.Release|Any CPU.ActiveCfg = Release|Any CPU
		{1923DB61-7066-4AD3-B43D-9DC9B479D9B5}.Release|Any CPU.Build.0 = Release|Any CPU
		{AC221FB5-ACDC-4A94-8874-B259200E491F}.Debug|Any CPU.ActiveCfg = Debug|Any CPU
		{AC221FB5-ACDC-4A94-8874-B259200E491F}.Debug|Any CPU.Build.0 = Debug|Any CPU
		{AC221FB5-ACDC-4A94-8874-B259200E491F}.Release|Any CPU.ActiveCfg = Release|Any CPU
		{AC221FB5-ACDC-4A94-8874-B259200E491F}.Release|Any CPU.Build.0 = Release|Any CPU
		{A9FD2886-4459-4F67-A01C-A6A38EB159E3}.Debug|Any CPU.ActiveCfg = Debug|Any CPU
		{A9FD2886-4459-4F67-A01C-A6A38EB159E3}.Debug|Any CPU.Build.0 = Debug|Any CPU
		{A9FD2886-4459-4F67-A01C-A6A38EB159E3}.Release|Any CPU.ActiveCfg = Release|Any CPU
		{A9FD2886-4459-4F67-A01C-A6A38EB159E3}.Release|Any CPU.Build.0 = Release|Any CPU
		{9DBAF38B-B658-4DB8-AC13-325D00179436}.Debug|Any CPU.ActiveCfg = Debug|Any CPU
		{9DBAF38B-B658-4DB8-AC13-325D00179436}.Debug|Any CPU.Build.0 = Debug|Any CPU
		{9DBAF38B-B658-4DB8-AC13-325D00179436}.Release|Any CPU.ActiveCfg = Release|Any CPU
		{9DBAF38B-B658-4DB8-AC13-325D00179436}.Release|Any CPU.Build.0 = Release|Any CPU
		{50523E65-9EC8-46D3-AEAF-9A8AD03E0100}.Debug|Any CPU.ActiveCfg = Debug|Any CPU
		{50523E65-9EC8-46D3-AEAF-9A8AD03E0100}.Debug|Any CPU.Build.0 = Debug|Any CPU
		{50523E65-9EC8-46D3-AEAF-9A8AD03E0100}.Release|Any CPU.ActiveCfg = Release|Any CPU
		{50523E65-9EC8-46D3-AEAF-9A8AD03E0100}.Release|Any CPU.Build.0 = Release|Any CPU
		{8E67E7F3-34E4-4AFF-AF0E-9D42582C4FD9}.Debug|Any CPU.ActiveCfg = Debug|Any CPU
		{8E67E7F3-34E4-4AFF-AF0E-9D42582C4FD9}.Debug|Any CPU.Build.0 = Debug|Any CPU
		{8E67E7F3-34E4-4AFF-AF0E-9D42582C4FD9}.Release|Any CPU.ActiveCfg = Release|Any CPU
		{8E67E7F3-34E4-4AFF-AF0E-9D42582C4FD9}.Release|Any CPU.Build.0 = Release|Any CPU
		{53E71183-4867-4DAE-8F0F-C9810722904B}.Debug|Any CPU.ActiveCfg = Debug|Any CPU
		{53E71183-4867-4DAE-8F0F-C9810722904B}.Debug|Any CPU.Build.0 = Debug|Any CPU
		{53E71183-4867-4DAE-8F0F-C9810722904B}.Release|Any CPU.ActiveCfg = Release|Any CPU
		{53E71183-4867-4DAE-8F0F-C9810722904B}.Release|Any CPU.Build.0 = Release|Any CPU
		{6EE96DBF-7DB4-4DDF-8939-5E1E14F0D122}.Debug|Any CPU.ActiveCfg = Debug|Any CPU
		{6EE96DBF-7DB4-4DDF-8939-5E1E14F0D122}.Debug|Any CPU.Build.0 = Debug|Any CPU
		{6EE96DBF-7DB4-4DDF-8939-5E1E14F0D122}.Release|Any CPU.ActiveCfg = Release|Any CPU
		{6EE96DBF-7DB4-4DDF-8939-5E1E14F0D122}.Release|Any CPU.Build.0 = Release|Any CPU
		{CF6403F5-77CB-4D67-90A9-252DA2763C6E}.Debug|Any CPU.ActiveCfg = Debug|Any CPU
		{CF6403F5-77CB-4D67-90A9-252DA2763C6E}.Debug|Any CPU.Build.0 = Debug|Any CPU
		{CF6403F5-77CB-4D67-90A9-252DA2763C6E}.Release|Any CPU.ActiveCfg = Release|Any CPU
		{CF6403F5-77CB-4D67-90A9-252DA2763C6E}.Release|Any CPU.Build.0 = Release|Any CPU
		{C3BA88A5-2F80-46B3-B815-91DCFE5107DB}.Debug|Any CPU.ActiveCfg = Debug|Any CPU
		{C3BA88A5-2F80-46B3-B815-91DCFE5107DB}.Debug|Any CPU.Build.0 = Debug|Any CPU
		{C3BA88A5-2F80-46B3-B815-91DCFE5107DB}.Release|Any CPU.ActiveCfg = Release|Any CPU
		{C3BA88A5-2F80-46B3-B815-91DCFE5107DB}.Release|Any CPU.Build.0 = Release|Any CPU
		{EF124A85-CA9B-4FC1-BEAA-95ECF1745144}.Debug|Any CPU.ActiveCfg = Debug|Any CPU
		{EF124A85-CA9B-4FC1-BEAA-95ECF1745144}.Debug|Any CPU.Build.0 = Debug|Any CPU
		{EF124A85-CA9B-4FC1-BEAA-95ECF1745144}.Release|Any CPU.ActiveCfg = Release|Any CPU
		{EF124A85-CA9B-4FC1-BEAA-95ECF1745144}.Release|Any CPU.Build.0 = Release|Any CPU
		{12CD837A-FA34-417F-8F22-8268DAE6B405}.Debug|Any CPU.ActiveCfg = Debug|Any CPU
		{12CD837A-FA34-417F-8F22-8268DAE6B405}.Debug|Any CPU.Build.0 = Debug|Any CPU
		{12CD837A-FA34-417F-8F22-8268DAE6B405}.Release|Any CPU.ActiveCfg = Release|Any CPU
		{12CD837A-FA34-417F-8F22-8268DAE6B405}.Release|Any CPU.Build.0 = Release|Any CPU
		{579823DD-83F7-4BB9-8AC4-8FB5E5B56658}.Debug|Any CPU.ActiveCfg = Debug|Any CPU
		{579823DD-83F7-4BB9-8AC4-8FB5E5B56658}.Debug|Any CPU.Build.0 = Debug|Any CPU
		{579823DD-83F7-4BB9-8AC4-8FB5E5B56658}.Release|Any CPU.ActiveCfg = Release|Any CPU
		{579823DD-83F7-4BB9-8AC4-8FB5E5B56658}.Release|Any CPU.Build.0 = Release|Any CPU
		{E0256FD5-CF03-47A8-B4E9-0772912C87E8}.Debug|Any CPU.ActiveCfg = Debug|Any CPU
		{E0256FD5-CF03-47A8-B4E9-0772912C87E8}.Debug|Any CPU.Build.0 = Debug|Any CPU
		{E0256FD5-CF03-47A8-B4E9-0772912C87E8}.Release|Any CPU.ActiveCfg = Release|Any CPU
		{E0256FD5-CF03-47A8-B4E9-0772912C87E8}.Release|Any CPU.Build.0 = Release|Any CPU
		{01A7B836-EB1F-4566-9350-8AA1CA95C5C9}.Debug|Any CPU.ActiveCfg = Debug|Any CPU
		{01A7B836-EB1F-4566-9350-8AA1CA95C5C9}.Debug|Any CPU.Build.0 = Debug|Any CPU
		{01A7B836-EB1F-4566-9350-8AA1CA95C5C9}.Release|Any CPU.ActiveCfg = Release|Any CPU
		{01A7B836-EB1F-4566-9350-8AA1CA95C5C9}.Release|Any CPU.Build.0 = Release|Any CPU
		{07D08282-45B3-42F0-841A-6166A9E4E34B}.Debug|Any CPU.ActiveCfg = Debug|Any CPU
		{07D08282-45B3-42F0-841A-6166A9E4E34B}.Debug|Any CPU.Build.0 = Debug|Any CPU
		{07D08282-45B3-42F0-841A-6166A9E4E34B}.Release|Any CPU.ActiveCfg = Release|Any CPU
		{07D08282-45B3-42F0-841A-6166A9E4E34B}.Release|Any CPU.Build.0 = Release|Any CPU
		{AD9D8D70-7020-48A7-B628-CB22293FF206}.Debug|Any CPU.ActiveCfg = Debug|Any CPU
		{AD9D8D70-7020-48A7-B628-CB22293FF206}.Debug|Any CPU.Build.0 = Debug|Any CPU
		{AD9D8D70-7020-48A7-B628-CB22293FF206}.Release|Any CPU.ActiveCfg = Release|Any CPU
		{AD9D8D70-7020-48A7-B628-CB22293FF206}.Release|Any CPU.Build.0 = Release|Any CPU
		{606C1847-7CEF-48C9-AAF2-37E9A85C9F95}.Debug|Any CPU.ActiveCfg = Debug|Any CPU
		{606C1847-7CEF-48C9-AAF2-37E9A85C9F95}.Debug|Any CPU.Build.0 = Debug|Any CPU
		{606C1847-7CEF-48C9-AAF2-37E9A85C9F95}.Release|Any CPU.ActiveCfg = Release|Any CPU
		{606C1847-7CEF-48C9-AAF2-37E9A85C9F95}.Release|Any CPU.Build.0 = Release|Any CPU
		{178CDC38-10F9-44F2-8A19-FDAEFCA32F90}.Debug|Any CPU.ActiveCfg = Debug|Any CPU
		{178CDC38-10F9-44F2-8A19-FDAEFCA32F90}.Debug|Any CPU.Build.0 = Debug|Any CPU
		{178CDC38-10F9-44F2-8A19-FDAEFCA32F90}.Release|Any CPU.ActiveCfg = Release|Any CPU
		{178CDC38-10F9-44F2-8A19-FDAEFCA32F90}.Release|Any CPU.Build.0 = Release|Any CPU
	EndGlobalSection
	GlobalSection(SolutionProperties) = preSolution
		HideSolutionNode = FALSE
	EndGlobalSection
	GlobalSection(NestedProjects) = preSolution
		{DD9ADD0E-9376-4673-B78E-15B56D589056} = {29FC54FA-C469-4A83-9C04-2A6FCC12B34E}
		{1923DB61-7066-4AD3-B43D-9DC9B479D9B5} = {29FC54FA-C469-4A83-9C04-2A6FCC12B34E}
		{AC221FB5-ACDC-4A94-8874-B259200E491F} = {24455C41-3567-41CF-8E06-938E56280229}
		{9DBAF38B-B658-4DB8-AC13-325D00179436} = {264231BC-2B1E-4DFC-9E5F-C6BB9442FA26}
		{50523E65-9EC8-46D3-AEAF-9A8AD03E0100} = {24455C41-3567-41CF-8E06-938E56280229}
		{8E67E7F3-34E4-4AFF-AF0E-9D42582C4FD9} = {24455C41-3567-41CF-8E06-938E56280229}
		{53E71183-4867-4DAE-8F0F-C9810722904B} = {24455C41-3567-41CF-8E06-938E56280229}
		{6EE96DBF-7DB4-4DDF-8939-5E1E14F0D122} = {264231BC-2B1E-4DFC-9E5F-C6BB9442FA26}
		{CF6403F5-77CB-4D67-90A9-252DA2763C6E} = {264231BC-2B1E-4DFC-9E5F-C6BB9442FA26}
		{C3BA88A5-2F80-46B3-B815-91DCFE5107DB} = {264231BC-2B1E-4DFC-9E5F-C6BB9442FA26}
		{EF124A85-CA9B-4FC1-BEAA-95ECF1745144} = {24455C41-3567-41CF-8E06-938E56280229}
		{12CD837A-FA34-417F-8F22-8268DAE6B405} = {24455C41-3567-41CF-8E06-938E56280229}
		{579823DD-83F7-4BB9-8AC4-8FB5E5B56658} = {B8E11930-34BA-4585-BC87-0FC519EAEC23}
		{E0256FD5-CF03-47A8-B4E9-0772912C87E8} = {264231BC-2B1E-4DFC-9E5F-C6BB9442FA26}
		{01A7B836-EB1F-4566-9350-8AA1CA95C5C9} = {24455C41-3567-41CF-8E06-938E56280229}
		{07D08282-45B3-42F0-841A-6166A9E4E34B} = {B8E11930-34BA-4585-BC87-0FC519EAEC23}
		{AD9D8D70-7020-48A7-B628-CB22293FF206} = {264231BC-2B1E-4DFC-9E5F-C6BB9442FA26}
		{606C1847-7CEF-48C9-AAF2-37E9A85C9F95} = {24455C41-3567-41CF-8E06-938E56280229}
		{178CDC38-10F9-44F2-8A19-FDAEFCA32F90} = {B8E11930-34BA-4585-BC87-0FC519EAEC23}
	EndGlobalSection
	GlobalSection(ExtensibilityGlobals) = postSolution
		SolutionGuid = {E8287FBF-0FC4-4441-BE8B-CA1E25292B1B}
	EndGlobalSection
EndGlobal
